
Microsoft Visual Studio Solution File, Format Version 12.00
# Visual Studio 15
VisualStudioVersion = 15.0.28010.2026
MinimumVisualStudioVersion = 10.0.40219.1
Project("{FAE04EC0-301F-11D3-BF4B-00C04F79EFBC}") = "CGIVisitorAdmin", "CGIVisitorAdmin\CGIVisitorAdmin.csproj", "{0EFF30AB-6E59-4E93-9CF3-4A2E078A19A6}"
EndProject
Global
	GlobalSection(SolutionConfigurationPlatforms) = preSolution
		Debug|Any CPU = Debug|Any CPU
		Release|Any CPU = Release|Any CPU
	EndGlobalSection
	GlobalSection(ProjectConfigurationPlatforms) = postSolution
		{0EFF30AB-6E59-4E93-9CF3-4A2E078A19A6}.Debug|Any CPU.ActiveCfg = Debug|Any CPU
		{0EFF30AB-6E59-4E93-9CF3-4A2E078A19A6}.Debug|Any CPU.Build.0 = Debug|Any CPU
		{0EFF30AB-6E59-4E93-9CF3-4A2E078A19A6}.Release|Any CPU.ActiveCfg = Release|Any CPU
		{0EFF30AB-6E59-4E93-9CF3-4A2E078A19A6}.Release|Any CPU.Build.0 = Release|Any CPU
	EndGlobalSection
	GlobalSection(SolutionProperties) = preSolution
		HideSolutionNode = FALSE
	EndGlobalSection
	GlobalSection(ExtensibilityGlobals) = postSolution
		SolutionGuid = {19250CD3-2F78-4826-8F12-D0A2DC0B84EA}
	EndGlobalSection
EndGlobal
